
Microsoft Visual Studio Solution File, Format Version 12.00
# Visual Studio Version 16
VisualStudioVersion = 16.0.31005.135
MinimumVisualStudioVersion = 10.0.40219.1
Project("{FAE04EC0-301F-11D3-BF4B-00C04F79EFBC}") = "Business", "Business\Business.csproj", "{C38A8A58-E1A1-4C39-9CB4-0EF66627C761}"
EndProject
Project("{FAE04EC0-301F-11D3-BF4B-00C04F79EFBC}") = "Entities", "Entities\Entities.csproj", "{EB81373C-31B3-4B14-8B7E-6F1B74EC6EEB}"
EndProject
Project("{FAE04EC0-301F-11D3-BF4B-00C04F79EFBC}") = "DataAccess", "DataAccess\DataAccess.csproj", "{0DE6E72D-87B7-4CE7-ACCB-BA737ADB1B36}"
EndProject
Project("{FAE04EC0-301F-11D3-BF4B-00C04F79EFBC}") = "ConsoleUI", "ConsoleUI\ConsoleUI.csproj", "{C4EA15F2-EC99-490F-B2FC-F669F409C10D}"
EndProject
Global
	GlobalSection(SolutionConfigurationPlatforms) = preSolution
		Debug|Any CPU = Debug|Any CPU
		Release|Any CPU = Release|Any CPU
	EndGlobalSection
	GlobalSection(ProjectConfigurationPlatforms) = postSolution
		{C38A8A58-E1A1-4C39-9CB4-0EF66627C761}.Debug|Any CPU.ActiveCfg = Debug|Any CPU
		{C38A8A58-E1A1-4C39-9CB4-0EF66627C761}.Debug|Any CPU.Build.0 = Debug|Any CPU
		{C38A8A58-E1A1-4C39-9CB4-0EF66627C761}.Release|Any CPU.ActiveCfg = Release|Any CPU
		{C38A8A58-E1A1-4C39-9CB4-0EF66627C761}.Release|Any CPU.Build.0 = Release|Any CPU
		{EB81373C-31B3-4B14-8B7E-6F1B74EC6EEB}.Debug|Any CPU.ActiveCfg = Debug|Any CPU
		{EB81373C-31B3-4B14-8B7E-6F1B74EC6EEB}.Debug|Any CPU.Build.0 = Debug|Any CPU
		{EB81373C-31B3-4B14-8B7E-6F1B74EC6EEB}.Release|Any CPU.ActiveCfg = Release|Any CPU
		{EB81373C-31B3-4B14-8B7E-6F1B74EC6EEB}.Release|Any CPU.Build.0 = Release|Any CPU
		{0DE6E72D-87B7-4CE7-ACCB-BA737ADB1B36}.Debug|Any CPU.ActiveCfg = Debug|Any CPU
		{0DE6E72D-87B7-4CE7-ACCB-BA737ADB1B36}.Debug|Any CPU.Build.0 = Debug|Any CPU
		{0DE6E72D-87B7-4CE7-ACCB-BA737ADB1B36}.Release|Any CPU.ActiveCfg = Release|Any CPU
		{0DE6E72D-87B7-4CE7-ACCB-BA737ADB1B36}.Release|Any CPU.Build.0 = Release|Any CPU
		{C4EA15F2-EC99-490F-B2FC-F669F409C10D}.Debug|Any CPU.ActiveCfg = Debug|Any CPU
		{C4EA15F2-EC99-490F-B2FC-F669F409C10D}.Debug|Any CPU.Build.0 = Debug|Any CPU
		{C4EA15F2-EC99-490F-B2FC-F669F409C10D}.Release|Any CPU.ActiveCfg = Release|Any CPU
		{C4EA15F2-EC99-490F-B2FC-F669F409C10D}.Release|Any CPU.Build.0 = Release|Any CPU
	EndGlobalSection
	GlobalSection(SolutionProperties) = preSolution
		HideSolutionNode = FALSE
	EndGlobalSection
	GlobalSection(ExtensibilityGlobals) = postSolution
		SolutionGuid = {AAF8504B-16F1-4864-B4D3-84E4005BA975}
	EndGlobalSection
EndGlobal
